
Microsoft Visual Studio Solution File, Format Version 12.00
# Visual Studio 15
VisualStudioVersion = 15.0.27428.2037
MinimumVisualStudioVersion = 10.0.40219.1
Project("{FAE04EC0-301F-11D3-BF4B-00C04F79EFBC}") = "SendMensajesEventHub", "SendMensajesEventHub\SendMensajesEventHub.csproj", "{ADCDE288-645D-4919-8D0D-111402E1127D}"
EndProject
Global
	GlobalSection(SolutionConfigurationPlatforms) = preSolution
		Debug|Any CPU = Debug|Any CPU
		Release|Any CPU = Release|Any CPU
	EndGlobalSection
	GlobalSection(ProjectConfigurationPlatforms) = postSolution
		{ADCDE288-645D-4919-8D0D-111402E1127D}.Debug|Any CPU.ActiveCfg = Debug|Any CPU
		{ADCDE288-645D-4919-8D0D-111402E1127D}.Debug|Any CPU.Build.0 = Debug|Any CPU
		{ADCDE288-645D-4919-8D0D-111402E1127D}.Release|Any CPU.ActiveCfg = Release|Any CPU
		{ADCDE288-645D-4919-8D0D-111402E1127D}.Release|Any CPU.Build.0 = Release|Any CPU
	EndGlobalSection
	GlobalSection(SolutionProperties) = preSolution
		HideSolutionNode = FALSE
	EndGlobalSection
	GlobalSection(ExtensibilityGlobals) = postSolution
		SolutionGuid = {A1046503-C5CC-4B00-9237-C43D5E8C863B}
	EndGlobalSection
EndGlobal
